// !$*UTF8*$!
{
	archiveVersion = 1;
	classes = {
	};
	objectVersion = 56;
	objects = {

/* Begin PBXBuildFile section */
		4DC352222C1732A8009DB75E /* Just_DessertsApp.swift in Sources */ = {isa = PBXBuildFile; fileRef = 4DC352212C1732A8009DB75E /* Just_DessertsApp.swift */; };
		4DC352242C1732A8009DB75E /* ContentView.swift in Sources */ = {isa = PBXBuildFile; fileRef = 4DC352232C1732A8009DB75E /* ContentView.swift */; };
		4DC352262C1732B3009DB75E /* Assets.xcassets in Resources */ = {isa = PBXBuildFile; fileRef = 4DC352252C1732B3009DB75E /* Assets.xcassets */; };
		4DC352292C1732B3009DB75E /* Preview Assets.xcassets in Resources */ = {isa = PBXBuildFile; fileRef = 4DC352282C1732B3009DB75E /* Preview Assets.xcassets */; };
		4DC352332C1732B3009DB75E /* Just_DessertsTests.swift in Sources */ = {isa = PBXBuildFile; fileRef = 4DC352322C1732B3009DB75E /* Just_DessertsTests.swift */; };
		4DC3523D2C1732B3009DB75E /* Just_DessertsUITests.swift in Sources */ = {isa = PBXBuildFile; fileRef = 4DC3523C2C1732B3009DB75E /* Just_DessertsUITests.swift */; };
		4DC3523F2C1732B3009DB75E /* Just_DessertsUITestsLaunchTests.swift in Sources */ = {isa = PBXBuildFile; fileRef = 4DC3523E2C1732B3009DB75E /* Just_DessertsUITestsLaunchTests.swift */; };
/* End PBXBuildFile section */

/* Begin PBXContainerItemProxy section */
		4DC3522F2C1732B3009DB75E /* PBXContainerItemProxy */ = {
			isa = PBXContainerItemProxy;
			containerPortal = 4DC352162C1732A8009DB75E /* Project object */;
			proxyType = 1;
			remoteGlobalIDString = 4DC3521D2C1732A8009DB75E;
			remoteInfo = "Just Desserts";
		};
		4DC352392C1732B3009DB75E /* PBXContainerItemProxy */ = {
			isa = PBXContainerItemProxy;
			containerPortal = 4DC352162C1732A8009DB75E /* Project object */;
			proxyType = 1;
			remoteGlobalIDString = 4DC3521D2C1732A8009DB75E;
			remoteInfo = "Just Desserts";
		};
/* End PBXContainerItemProxy section */

/* Begin PBXFileReference section */
		4DC3521E2C1732A8009DB75E /* Just Desserts.app */ = {isa = PBXFileReference; explicitFileType = wrapper.application; includeInIndex = 0; path = "Just Desserts.app"; sourceTree = BUILT_PRODUCTS_DIR; };
		4DC352212C1732A8009DB75E /* Just_DessertsApp.swift */ = {isa = PBXFileReference; lastKnownFileType = sourcecode.swift; path = Just_DessertsApp.swift; sourceTree = "<group>"; };
		4DC352232C1732A8009DB75E /* ContentView.swift */ = {isa = PBXFileReference; lastKnownFileType = sourcecode.swift; path = ContentView.swift; sourceTree = "<group>"; };
		4DC352252C1732B3009DB75E /* Assets.xcassets */ = {isa = PBXFileReference; lastKnownFileType = folder.assetcatalog; path = Assets.xcassets; sourceTree = "<group>"; };
		4DC352282C1732B3009DB75E /* Preview Assets.xcassets */ = {isa = PBXFileReference; lastKnownFileType = folder.assetcatalog; path = "Preview Assets.xcassets"; sourceTree = "<group>"; };
		4DC3522E2C1732B3009DB75E /* Just DessertsTests.xctest */ = {isa = PBXFileReference; explicitFileType = wrapper.cfbundle; includeInIndex = 0; path = "Just DessertsTests.xctest"; sourceTree = BUILT_PRODUCTS_DIR; };
		4DC352322C1732B3009DB75E /* Just_DessertsTests.swift */ = {isa = PBXFileReference; lastKnownFileType = sourcecode.swift; path = Just_DessertsTests.swift; sourceTree = "<group>"; };
		4DC352382C1732B3009DB75E /* Just DessertsUITests.xctest */ = {isa = PBXFileReference; explicitFileType = wrapper.cfbundle; includeInIndex = 0; path = "Just DessertsUITests.xctest"; sourceTree = BUILT_PRODUCTS_DIR; };
		4DC3523C2C1732B3009DB75E /* Just_DessertsUITests.swift */ = {isa = PBXFileReference; lastKnownFileType = sourcecode.swift; path = Just_DessertsUITests.swift; sourceTree = "<group>"; };
		4DC3523E2C1732B3009DB75E /* Just_DessertsUITestsLaunchTests.swift */ = {isa = PBXFileReference; lastKnownFileType = sourcecode.swift; path = Just_DessertsUITestsLaunchTests.swift; sourceTree = "<group>"; };
/* End PBXFileReference section */

/* Begin PBXFrameworksBuildPhase section */
		4DC3521B2C1732A8009DB75E /* Frameworks */ = {
			isa = PBXFrameworksBuildPhase;
			buildActionMask = 2147483647;
			files = (
			);
			runOnlyForDeploymentPostprocessing = 0;
		};
		4DC3522B2C1732B3009DB75E /* Frameworks */ = {
			isa = PBXFrameworksBuildPhase;
			buildActionMask = 2147483647;
			files = (
			);
			runOnlyForDeploymentPostprocessing = 0;
		};
		4DC352352C1732B3009DB75E /* Frameworks */ = {
			isa = PBXFrameworksBuildPhase;
			buildActionMask = 2147483647;
			files = (
			);
			runOnlyForDeploymentPostprocessing = 0;
		};
/* End PBXFrameworksBuildPhase section */

/* Begin PBXGroup section */
		4DC352152C1732A8009DB75E = {
			isa = PBXGroup;
			children = (
				4DC352202C1732A8009DB75E /* Just Desserts */,
				4DC352312C1732B3009DB75E /* Just DessertsTests */,
				4DC3523B2C1732B3009DB75E /* Just DessertsUITests */,
				4DC3521F2C1732A8009DB75E /* Products */,
			);
			sourceTree = "<group>";
		};
		4DC3521F2C1732A8009DB75E /* Products */ = {
			isa = PBXGroup;
			children = (
				4DC3521E2C1732A8009DB75E /* Just Desserts.app */,
				4DC3522E2C1732B3009DB75E /* Just DessertsTests.xctest */,
				4DC352382C1732B3009DB75E /* Just DessertsUITests.xctest */,
			);
			name = Products;
			sourceTree = "<group>";
		};
		4DC352202C1732A8009DB75E /* Just Desserts */ = {
			isa = PBXGroup;
			children = (
				4DC352212C1732A8009DB75E /* Just_DessertsApp.swift */,
				4DC352232C1732A8009DB75E /* ContentView.swift */,
				4DC352252C1732B3009DB75E /* Assets.xcassets */,
				4DC352272C1732B3009DB75E /* Preview Content */,
			);
			path = "Just Desserts";
			sourceTree = "<group>";
		};
		4DC352272C1732B3009DB75E /* Preview Content */ = {
			isa = PBXGroup;
			children = (
				4DC352282C1732B3009DB75E /* Preview Assets.xcassets */,
			);
			path = "Preview Content";
			sourceTree = "<group>";
		};
		4DC352312C1732B3009DB75E /* Just DessertsTests */ = {
			isa = PBXGroup;
			children = (
				4DC352322C1732B3009DB75E /* Just_DessertsTests.swift */,
			);
			path = "Just DessertsTests";
			sourceTree = "<group>";
		};
		4DC3523B2C1732B3009DB75E /* Just DessertsUITests */ = {
			isa = PBXGroup;
			children = (
				4DC3523C2C1732B3009DB75E /* Just_DessertsUITests.swift */,
				4DC3523E2C1732B3009DB75E /* Just_DessertsUITestsLaunchTests.swift */,
			);
			path = "Just DessertsUITests";
			sourceTree = "<group>";
		};
/* End PBXGroup section */

/* Begin PBXNativeTarget section */
		4DC3521D2C1732A8009DB75E /* Just Desserts */ = {
			isa = PBXNativeTarget;
			buildConfigurationList = 4DC352422C1732B3009DB75E /* Build configuration list for PBXNativeTarget "Just Desserts" */;
			buildPhases = (
				4DC3521A2C1732A8009DB75E /* Sources */,
				4DC3521B2C1732A8009DB75E /* Frameworks */,
				4DC3521C2C1732A8009DB75E /* Resources */,
			);
			buildRules = (
			);
			dependencies = (
			);
			name = "Just Desserts";
			productName = "Just Desserts";
			productReference = 4DC3521E2C1732A8009DB75E /* Just Desserts.app */;
			productType = "com.apple.product-type.application";
		};
		4DC3522D2C1732B3009DB75E /* Just DessertsTests */ = {
			isa = PBXNativeTarget;
			buildConfigurationList = 4DC352452C1732B3009DB75E /* Build configuration list for PBXNativeTarget "Just DessertsTests" */;
			buildPhases = (
				4DC3522A2C1732B3009DB75E /* Sources */,
				4DC3522B2C1732B3009DB75E /* Frameworks */,
				4DC3522C2C1732B3009DB75E /* Resources */,
			);
			buildRules = (
			);
			dependencies = (
				4DC352302C1732B3009DB75E /* PBXTargetDependency */,
			);
			name = "Just DessertsTests";
			productName = "Just DessertsTests";
			productReference = 4DC3522E2C1732B3009DB75E /* Just DessertsTests.xctest */;
			productType = "com.apple.product-type.bundle.unit-test";
		};
		4DC352372C1732B3009DB75E /* Just DessertsUITests */ = {
			isa = PBXNativeTarget;
			buildConfigurationList = 4DC352482C1732B3009DB75E /* Build configuration list for PBXNativeTarget "Just DessertsUITests" */;
			buildPhases = (
				4DC352342C1732B3009DB75E /* Sources */,
				4DC352352C1732B3009DB75E /* Frameworks */,
				4DC352362C1732B3009DB75E /* Resources */,
			);
			buildRules = (
			);
			dependencies = (
				4DC3523A2C1732B3009DB75E /* PBXTargetDependency */,
			);
			name = "Just DessertsUITests";
			productName = "Just DessertsUITests";
			productReference = 4DC352382C1732B3009DB75E /* Just DessertsUITests.xctest */;
			productType = "com.apple.product-type.bundle.ui-testing";
		};
/* End PBXNativeTarget section */

/* Begin PBXProject section */
		4DC352162C1732A8009DB75E /* Project object */ = {
			isa = PBXProject;
			attributes = {
				BuildIndependentTargetsInParallel = 1;
				LastSwiftUpdateCheck = 1540;
				LastUpgradeCheck = 1540;
				TargetAttributes = {
					4DC3521D2C1732A8009DB75E = {
						CreatedOnToolsVersion = 15.4;
					};
					4DC3522D2C1732B3009DB75E = {
						CreatedOnToolsVersion = 15.4;
						TestTargetID = 4DC3521D2C1732A8009DB75E;
					};
					4DC352372C1732B3009DB75E = {
						CreatedOnToolsVersion = 15.4;
						TestTargetID = 4DC3521D2C1732A8009DB75E;
					};
				};
			};
			buildConfigurationList = 4DC352192C1732A8009DB75E /* Build configuration list for PBXProject "Just Desserts" */;
			compatibilityVersion = "Xcode 14.0";
			developmentRegion = en;
			hasScannedForEncodings = 0;
			knownRegions = (
				en,
				Base,
			);
			mainGroup = 4DC352152C1732A8009DB75E;
			productRefGroup = 4DC3521F2C1732A8009DB75E /* Products */;
			projectDirPath = "";
			projectRoot = "";
			targets = (
				4DC3521D2C1732A8009DB75E /* Just Desserts */,
				4DC3522D2C1732B3009DB75E /* Just DessertsTests */,
				4DC352372C1732B3009DB75E /* Just DessertsUITests */,
			);
		};
/* End PBXProject section */

/* Begin PBXResourcesBuildPhase section */
		4DC3521C2C1732A8009DB75E /* Resources */ = {
			isa = PBXResourcesBuildPhase;
			buildActionMask = 2147483647;
			files = (
				4DC352292C1732B3009DB75E /* Preview Assets.xcassets in Resources */,
				4DC352262C1732B3009DB75E /* Assets.xcassets in Resources */,
			);
			runOnlyForDeploymentPostprocessing = 0;
		};
		4DC3522C2C1732B3009DB75E /* Resources */ = {
			isa = PBXResourcesBuildPhase;
			buildActionMask = 2147483647;
			files = (
			);
			runOnlyForDeploymentPostprocessing = 0;
		};
		4DC352362C1732B3009DB75E /* Resources */ = {
			isa = PBXResourcesBuildPhase;
			buildActionMask = 2147483647;
			files = (
			);
			runOnlyForDeploymentPostprocessing = 0;
		};
/* End PBXResourcesBuildPhase section */

/* Begin PBXSourcesBuildPhase section */
		4DC3521A2C1732A8009DB75E /* Sources */ = {
			isa = PBXSourcesBuildPhase;
			buildActionMask = 2147483647;
			files = (
				4DC352242C1732A8009DB75E /* ContentView.swift in Sources */,
				4DC352222C1732A8009DB75E /* Just_DessertsApp.swift in Sources */,
			);
			runOnlyForDeploymentPostprocessing = 0;
		};
		4DC3522A2C1732B3009DB75E /* Sources */ = {
			isa = PBXSourcesBuildPhase;
			buildActionMask = 2147483647;
			files = (
				4DC352332C1732B3009DB75E /* Just_DessertsTests.swift in Sources */,
			);
			runOnlyForDeploymentPostprocessing = 0;
		};
		4DC352342C1732B3009DB75E /* Sources */ = {
			isa = PBXSourcesBuildPhase;
			buildActionMask = 2147483647;
			files = (
				4DC3523D2C1732B3009DB75E /* Just_DessertsUITests.swift in Sources */,
				4DC3523F2C1732B3009DB75E /* Just_DessertsUITestsLaunchTests.swift in Sources */,
			);
			runOnlyForDeploymentPostprocessing = 0;
		};
/* End PBXSourcesBuildPhase section */

/* Begin PBXTargetDependency section */
		4DC352302C1732B3009DB75E /* PBXTargetDependency */ = {
			isa = PBXTargetDependency;
			target = 4DC3521D2C1732A8009DB75E /* Just Desserts */;
			targetProxy = 4DC3522F2C1732B3009DB75E /* PBXContainerItemProxy */;
		};
		4DC3523A2C1732B3009DB75E /* PBXTargetDependency */ = {
			isa = PBXTargetDependency;
			target = 4DC3521D2C1732A8009DB75E /* Just Desserts */;
			targetProxy = 4DC352392C1732B3009DB75E /* PBXContainerItemProxy */;
		};
/* End PBXTargetDependency section */

/* Begin XCBuildConfiguration section */
		4DC352402C1732B3009DB75E /* Debug */ = {
			isa = XCBuildConfiguration;
			buildSettings = {
				ALWAYS_SEARCH_USER_PATHS = NO;
				ASSETCATALOG_COMPILER_GENERATE_SWIFT_ASSET_SYMBOL_EXTENSIONS = YES;
				CLANG_ANALYZER_NONNULL = YES;
				CLANG_ANALYZER_NUMBER_OBJECT_CONVERSION = YES_AGGRESSIVE;
				CLANG_CXX_LANGUAGE_STANDARD = "gnu++20";
				CLANG_ENABLE_MODULES = YES;
				CLANG_ENABLE_OBJC_ARC = YES;
				CLANG_ENABLE_OBJC_WEAK = YES;
				CLANG_WARN_BLOCK_CAPTURE_AUTORELEASING = YES;
				CLANG_WARN_BOOL_CONVERSION = YES;
				CLANG_WARN_COMMA = YES;
				CLANG_WARN_CONSTANT_CONVERSION = YES;
				CLANG_WARN_DEPRECATED_OBJC_IMPLEMENTATIONS = YES;
				CLANG_WARN_DIRECT_OBJC_ISA_USAGE = YES_ERROR;
				CLANG_WARN_DOCUMENTATION_COMMENTS = YES;
				CLANG_WARN_EMPTY_BODY = YES;
				CLANG_WARN_ENUM_CONVERSION = YES;
				CLANG_WARN_INFINITE_RECURSION = YES;
				CLANG_WARN_INT_CONVERSION = YES;
				CLANG_WARN_NON_LITERAL_NULL_CONVERSION = YES;
				CLANG_WARN_OBJC_IMPLICIT_RETAIN_SELF = YES;
				CLANG_WARN_OBJC_LITERAL_CONVERSION = YES;
				CLANG_WARN_OBJC_ROOT_CLASS = YES_ERROR;
				CLANG_WARN_QUOTED_INCLUDE_IN_FRAMEWORK_HEADER = YES;
				CLANG_WARN_RANGE_LOOP_ANALYSIS = YES;
				CLANG_WARN_STRICT_PROTOTYPES = YES;
				CLANG_WARN_SUSPICIOUS_MOVE = YES;
				CLANG_WARN_UNGUARDED_AVAILABILITY = YES_AGGRESSIVE;
				CLANG_WARN_UNREACHABLE_CODE = YES;
				CLANG_WARN__DUPLICATE_METHOD_MATCH = YES;
				COPY_PHASE_STRIP = NO;
				DEBUG_INFORMATION_FORMAT = dwarf;
				ENABLE_STRICT_OBJC_MSGSEND = YES;
				ENABLE_TESTABILITY = YES;
				ENABLE_USER_SCRIPT_SANDBOXING = YES;
				GCC_C_LANGUAGE_STANDARD = gnu17;
				GCC_DYNAMIC_NO_PIC = NO;
				GCC_NO_COMMON_BLOCKS = YES;
				GCC_OPTIMIZATION_LEVEL = 0;
				GCC_PREPROCESSOR_DEFINITIONS = (
					"DEBUG=1",
					"$(inherited)",
				);
				GCC_WARN_64_TO_32_BIT_CONVERSION = YES;
				GCC_WARN_ABOUT_RETURN_TYPE = YES_ERROR;
				GCC_WARN_UNDECLARED_SELECTOR = YES;
				GCC_WARN_UNINITIALIZED_AUTOS = YES_AGGRESSIVE;
				GCC_WARN_UNUSED_FUNCTION = YES;
				GCC_WARN_UNUSED_VARIABLE = YES;
				IPHONEOS_DEPLOYMENT_TARGET = 17.5;
				LOCALIZATION_PREFERS_STRING_CATALOGS = YES;
				MTL_ENABLE_DEBUG_INFO = INCLUDE_SOURCE;
				MTL_FAST_MATH = YES;
				ONLY_ACTIVE_ARCH = YES;
				SDKROOT = iphoneos;
				SWIFT_ACTIVE_COMPILATION_CONDITIONS = "DEBUG $(inherited)";
				SWIFT_OPTIMIZATION_LEVEL = "-Onone";
			};
			name = Debug;
		};
		4DC352412C1732B3009DB75E /* Release */ = {
			isa = XCBuildConfiguration;
			buildSettings = {
				ALWAYS_SEARCH_USER_PATHS = NO;
				ASSETCATALOG_COMPILER_GENERATE_SWIFT_ASSET_SYMBOL_EXTENSIONS = YES;
				CLANG_ANALYZER_NONNULL = YES;
				CLANG_ANALYZER_NUMBER_OBJECT_CONVERSION = YES_AGGRESSIVE;
				CLANG_CXX_LANGUAGE_STANDARD = "gnu++20";
				CLANG_ENABLE_MODULES = YES;
				CLANG_ENABLE_OBJC_ARC = YES;
				CLANG_ENABLE_OBJC_WEAK = YES;
				CLANG_WARN_BLOCK_CAPTURE_AUTORELEASING = YES;
				CLANG_WARN_BOOL_CONVERSION = YES;
				CLANG_WARN_COMMA = YES;
				CLANG_WARN_CONSTANT_CONVERSION = YES;
				CLANG_WARN_DEPRECATED_OBJC_IMPLEMENTATIONS = YES;
				CLANG_WARN_DIRECT_OBJC_ISA_USAGE = YES_ERROR;
				CLANG_WARN_DOCUMENTATION_COMMENTS = YES;
				CLANG_WARN_EMPTY_BODY = YES;
				CLANG_WARN_ENUM_CONVERSION = YES;
				CLANG_WARN_INFINITE_RECURSION = YES;
				CLANG_WARN_INT_CONVERSION = YES;
				CLANG_WARN_NON_LITERAL_NULL_CONVERSION = YES;
				CLANG_WARN_OBJC_IMPLICIT_RETAIN_SELF = YES;
				CLANG_WARN_OBJC_LITERAL_CONVERSION = YES;
				CLANG_WARN_OBJC_ROOT_CLASS = YES_ERROR;
				CLANG_WARN_QUOTED_INCLUDE_IN_FRAMEWORK_HEADER = YES;
				CLANG_WARN_RANGE_LOOP_ANALYSIS = YES;
				CLANG_WARN_STRICT_PROTOTYPES = YES;
				CLANG_WARN_SUSPICIOUS_MOVE = YES;
				CLANG_WARN_UNGUARDED_AVAILABILITY = YES_AGGRESSIVE;
				CLANG_WARN_UNREACHABLE_CODE = YES;
				CLANG_WARN__DUPLICATE_METHOD_MATCH = YES;
				COPY_PHASE_STRIP = NO;
				DEBUG_INFORMATION_FORMAT = "dwarf-with-dsym";
				ENABLE_NS_ASSERTIONS = NO;
				ENABLE_STRICT_OBJC_MSGSEND = YES;
				ENABLE_USER_SCRIPT_SANDBOXING = YES;
				GCC_C_LANGUAGE_STANDARD = gnu17;
				GCC_NO_COMMON_BLOCKS = YES;
				GCC_WARN_64_TO_32_BIT_CONVERSION = YES;
				GCC_WARN_ABOUT_RETURN_TYPE = YES_ERROR;
				GCC_WARN_UNDECLARED_SELECTOR = YES;
				GCC_WARN_UNINITIALIZED_AUTOS = YES_AGGRESSIVE;
				GCC_WARN_UNUSED_FUNCTION = YES;
				GCC_WARN_UNUSED_VARIABLE = YES;
				IPHONEOS_DEPLOYMENT_TARGET = 17.5;
				LOCALIZATION_PREFERS_STRING_CATALOGS = YES;
				MTL_ENABLE_DEBUG_INFO = NO;
				MTL_FAST_MATH = YES;
				SDKROOT = iphoneos;
				SWIFT_COMPILATION_MODE = wholemodule;
				VALIDATE_PRODUCT = YES;
			};
			name = Release;
		};
		4DC352432C1732B3009DB75E /* Debug */ = {
			isa = XCBuildConfiguration;
			buildSettings = {
				ASSETCATALOG_COMPILER_APPICON_NAME = AppIcon;
				ASSETCATALOG_COMPILER_GLOBAL_ACCENT_COLOR_NAME = AccentColor;
				CODE_SIGN_STYLE = Automatic;
				CURRENT_PROJECT_VERSION = 1;
				DEVELOPMENT_ASSET_PATHS = "\"Just Desserts/Preview Content\"";
				DEVELOPMENT_TEAM = UH5GSL36AW;
				ENABLE_PREVIEWS = YES;
				GENERATE_INFOPLIST_FILE = YES;
				INFOPLIST_KEY_UIApplicationSceneManifest_Generation = YES;
				INFOPLIST_KEY_UIApplicationSupportsIndirectInputEvents = YES;
				INFOPLIST_KEY_UILaunchScreen_Generation = YES;
				INFOPLIST_KEY_UISupportedInterfaceOrientations_iPad = "UIInterfaceOrientationPortrait UIInterfaceOrientationPortraitUpsideDown UIInterfaceOrientationLandscapeLeft UIInterfaceOrientationLandscapeRight";
				INFOPLIST_KEY_UISupportedInterfaceOrientations_iPhone = "UIInterfaceOrientationPortrait UIInterfaceOrientationLandscapeLeft UIInterfaceOrientationLandscapeRight";
				LD_RUNPATH_SEARCH_PATHS = (
					"$(inherited)",
					"@executable_path/Frameworks",
				);
				MARKETING_VERSION = 1.0;
				PRODUCT_BUNDLE_IDENTIFIER = "com.hawkimedia.Just-Desserts";
				PRODUCT_NAME = "$(TARGET_NAME)";
				SWIFT_EMIT_LOC_STRINGS = YES;
				SWIFT_VERSION = 5.0;
				TARGETED_DEVICE_FAMILY = "1,2";
			};
			name = Debug;
		};
		4DC352442C1732B3009DB75E /* Release */ = {
			isa = XCBuildConfiguration;
			buildSettings = {
				ASSETCATALOG_COMPILER_APPICON_NAME = AppIcon;
				ASSETCATALOG_COMPILER_GLOBAL_ACCENT_COLOR_NAME = AccentColor;
				CODE_SIGN_STYLE = Automatic;
				CURRENT_PROJECT_VERSION = 1;
				DEVELOPMENT_ASSET_PATHS = "\"Just Desserts/Preview Content\"";
				DEVELOPMENT_TEAM = UH5GSL36AW;
				ENABLE_PREVIEWS = YES;
				GENERATE_INFOPLIST_FILE = YES;
				INFOPLIST_KEY_UIApplicationSceneManifest_Generation = YES;
				INFOPLIST_KEY_UIApplicationSupportsIndirectInputEvents = YES;
				INFOPLIST_KEY_UILaunchScreen_Generation = YES;
				INFOPLIST_KEY_UISupportedInterfaceOrientations_iPad = "UIInterfaceOrientationPortrait UIInterfaceOrientationPortraitUpsideDown UIInterfaceOrientationLandscapeLeft UIInterfaceOrientationLandscapeRight";
				INFOPLIST_KEY_UISupportedInterfaceOrientations_iPhone = "UIInterfaceOrientationPortrait UIInterfaceOrientationLandscapeLeft UIInterfaceOrientationLandscapeRight";
				LD_RUNPATH_SEARCH_PATHS = (
					"$(inherited)",
					"@executable_path/Frameworks",
				);
				MARKETING_VERSION = 1.0;
				PRODUCT_BUNDLE_IDENTIFIER = "com.hawkimedia.Just-Desserts";
				PRODUCT_NAME = "$(TARGET_NAME)";
				SWIFT_EMIT_LOC_STRINGS = YES;
				SWIFT_VERSION = 5.0;
				TARGETED_DEVICE_FAMILY = "1,2";
			};
			name = Release;
		};
		4DC352462C1732B3009DB75E /* Debug */ = {
			isa = XCBuildConfiguration;
			buildSettings = {
				ALWAYS_EMBED_SWIFT_STANDARD_LIBRARIES = YES;
				BUNDLE_LOADER = "$(TEST_HOST)";
				CODE_SIGN_STYLE = Automatic;
				CURRENT_PROJECT_VERSION = 1;
				DEVELOPMENT_TEAM = UH5GSL36AW;
				GENERATE_INFOPLIST_FILE = YES;
				IPHONEOS_DEPLOYMENT_TARGET = 17.5;
				MARKETING_VERSION = 1.0;
				PRODUCT_BUNDLE_IDENTIFIER = "com.hawkimedia.Just-DessertsTests";
				PRODUCT_NAME = "$(TARGET_NAME)";
				SWIFT_EMIT_LOC_STRINGS = NO;
				SWIFT_VERSION = 5.0;
				TARGETED_DEVICE_FAMILY = "1,2";
				TEST_HOST = "$(BUILT_PRODUCTS_DIR)/Just Desserts.app/$(BUNDLE_EXECUTABLE_FOLDER_PATH)/Just Desserts";
			};
			name = Debug;
		};
		4DC352472C1732B3009DB75E /* Release */ = {
			isa = XCBuildConfiguration;
			buildSettings = {
				ALWAYS_EMBED_SWIFT_STANDARD_LIBRARIES = YES;
				BUNDLE_LOADER = "$(TEST_HOST)";
				CODE_SIGN_STYLE = Automatic;
				CURRENT_PROJECT_VERSION = 1;
				DEVELOPMENT_TEAM = UH5GSL36AW;
				GENERATE_INFOPLIST_FILE = YES;
				IPHONEOS_DEPLOYMENT_TARGET = 17.5;
				MARKETING_VERSION = 1.0;
				PRODUCT_BUNDLE_IDENTIFIER = "com.hawkimedia.Just-DessertsTests";
				PRODUCT_NAME = "$(TARGET_NAME)";
				SWIFT_EMIT_LOC_STRINGS = NO;
				SWIFT_VERSION = 5.0;
				TARGETED_DEVICE_FAMILY = "1,2";
				TEST_HOST = "$(BUILT_PRODUCTS_DIR)/Just Desserts.app/$(BUNDLE_EXECUTABLE_FOLDER_PATH)/Just Desserts";
			};
			name = Release;
		};
		4DC352492C1732B3009DB75E /* Debug */ = {
			isa = XCBuildConfiguration;
			buildSettings = {
				ALWAYS_EMBED_SWIFT_STANDARD_LIBRARIES = YES;
				CODE_SIGN_STYLE = Automatic;
				CURRENT_PROJECT_VERSION = 1;
				DEVELOPMENT_TEAM = UH5GSL36AW;
				GENERATE_INFOPLIST_FILE = YES;
				MARKETING_VERSION = 1.0;
				PRODUCT_BUNDLE_IDENTIFIER = "com.hawkimedia.Just-DessertsUITests";
				PRODUCT_NAME = "$(TARGET_NAME)";
				SWIFT_EMIT_LOC_STRINGS = NO;
				SWIFT_VERSION = 5.0;
				TARGETED_DEVICE_FAMILY = "1,2";
				TEST_TARGET_NAME = "Just Desserts";
			};
			name = Debug;
		};
		4DC3524A2C1732B3009DB75E /* Release */ = {
			isa = XCBuildConfiguration;
			buildSettings = {
				ALWAYS_EMBED_SWIFT_STANDARD_LIBRARIES = YES;
				CODE_SIGN_STYLE = Automatic;
				CURRENT_PROJECT_VERSION = 1;
				DEVELOPMENT_TEAM = UH5GSL36AW;
				GENERATE_INFOPLIST_FILE = YES;
				MARKETING_VERSION = 1.0;
				PRODUCT_BUNDLE_IDENTIFIER = "com.hawkimedia.Just-DessertsUITests";
				PRODUCT_NAME = "$(TARGET_NAME)";
				SWIFT_EMIT_LOC_STRINGS = NO;
				SWIFT_VERSION = 5.0;
				TARGETED_DEVICE_FAMILY = "1,2";
				TEST_TARGET_NAME = "Just Desserts";
			};
			name = Release;
		};
/* End XCBuildConfiguration section */

/* Begin XCConfigurationList section */
		4DC352192C1732A8009DB75E /* Build configuration list for PBXProject "Just Desserts" */ = {
			isa = XCConfigurationList;
			buildConfigurations = (
				4DC352402C1732B3009DB75E /* Debug */,
				4DC352412C1732B3009DB75E /* Release */,
			);
			defaultConfigurationIsVisible = 0;
			defaultConfigurationName = Release;
		};
		4DC352422C1732B3009DB75E /* Build configuration list for PBXNativeTarget "Just Desserts" */ = {
			isa = XCConfigurationList;
			buildConfigurations = (
				4DC352432C1732B3009DB75E /* Debug */,
				4DC352442C1732B3009DB75E /* Release */,
			);
			defaultConfigurationIsVisible = 0;
			defaultConfigurationName = Release;
		};
		4DC352452C1732B3009DB75E /* Build configuration list for PBXNativeTarget "Just DessertsTests" */ = {
			isa = XCConfigurationList;
			buildConfigurations = (
				4DC352462C1732B3009DB75E /* Debug */,
				4DC352472C1732B3009DB75E /* Release */,
			);
			defaultConfigurationIsVisible = 0;
			defaultConfigurationName = Release;
		};
		4DC352482C1732B3009DB75E /* Build configuration list for PBXNativeTarget "Just DessertsUITests" */ = {
			isa = XCConfigurationList;
			buildConfigurations = (
				4DC352492C1732B3009DB75E /* Debug */,
				4DC3524A2C1732B3009DB75E /* Release */,
			);
			defaultConfigurationIsVisible = 0;
			defaultConfigurationName = Release;
		};
/* End XCConfigurationList section */
	};
	rootObject = 4DC352162C1732A8009DB75E /* Project object */;
}
